// !$*UTF8*$!
{
	archiveVersion = 1;
	classes = {
	};
	objectVersion = 46;
	objects = {

/* Begin PBXBuildFile section */
		4D7DD2AB1E43DACD00DB6B3F /* AppDelegate.swift in Sources */ = {isa = PBXBuildFile; fileRef = 4D7DD2AA1E43DACD00DB6B3F /* AppDelegate.swift */; };
		4D7DD2B01E43DACD00DB6B3F /* Main.storyboard in Resources */ = {isa = PBXBuildFile; fileRef = 4D7DD2AE1E43DACD00DB6B3F /* Main.storyboard */; };
		4D7DD2B21E43DACD00DB6B3F /* Assets.xcassets in Resources */ = {isa = PBXBuildFile; fileRef = 4D7DD2B11E43DACD00DB6B3F /* Assets.xcassets */; };
		4D7DD2B51E43DACD00DB6B3F /* LaunchScreen.storyboard in Resources */ = {isa = PBXBuildFile; fileRef = 4D7DD2B31E43DACD00DB6B3F /* LaunchScreen.storyboard */; };
		4D7DD2C01E43DACD00DB6B3F /* ALCommonTests.swift in Sources */ = {isa = PBXBuildFile; fileRef = 4D7DD2BF1E43DACD00DB6B3F /* ALCommonTests.swift */; };
		4D7DD2CB1E43DB0B00DB6B3F /* ALViewController.swift in Sources */ = {isa = PBXBuildFile; fileRef = 4D7DD2CA1E43DB0B00DB6B3F /* ALViewController.swift */; };
		4D7DD2D11E43DBF800DB6B3F /* ALCoreData.swift in Sources */ = {isa = PBXBuildFile; fileRef = 4D7DD2D01E43DBF800DB6B3F /* ALCoreData.swift */; };
		4D7DD2D61E43EE4600DB6B3F /* ALDate.swift in Sources */ = {isa = PBXBuildFile; fileRef = 4D7DD2D51E43EE4600DB6B3F /* ALDate.swift */; };
		4D7DD2D81E43EEC800DB6B3F /* ALTextField.swift in Sources */ = {isa = PBXBuildFile; fileRef = 4D7DD2D71E43EEC800DB6B3F /* ALTextField.swift */; };
		4D7DD2DA1E43EF1600DB6B3F /* ALBaseTypes.swift in Sources */ = {isa = PBXBuildFile; fileRef = 4D7DD2D91E43EF1600DB6B3F /* ALBaseTypes.swift */; };
		4D7DD2E41E43F0EF00DB6B3F /* ALCommonUITests.swift in Sources */ = {isa = PBXBuildFile; fileRef = 4D7DD2E31E43F0EF00DB6B3F /* ALCommonUITests.swift */; };
		4D7DD2EC1E43F12C00DB6B3F /* ALView.swift in Sources */ = {isa = PBXBuildFile; fileRef = 4D7DD2EB1E43F12C00DB6B3F /* ALView.swift */; };
		4D7DD2F11E43F21F00DB6B3F /* ALNavigation.swift in Sources */ = {isa = PBXBuildFile; fileRef = 4D7DD2F01E43F21F00DB6B3F /* ALNavigation.swift */; };
		4D7DD2F51E46747000DB6B3F /* Localizable.strings in Resources */ = {isa = PBXBuildFile; fileRef = 4D7DD2F71E46747000DB6B3F /* Localizable.strings */; };
		4D7DD2FB1E46777900DB6B3F /* LightViewController.swift in Sources */ = {isa = PBXBuildFile; fileRef = 4D7DD2FA1E46777900DB6B3F /* LightViewController.swift */; };
		4D7DD2FE1E46782200DB6B3F /* Model.xcdatamodeld in Sources */ = {isa = PBXBuildFile; fileRef = 4D7DD2FC1E46782200DB6B3F /* Model.xcdatamodeld */; };
		4D7DD3041E4678BB00DB6B3F /* DataManager.swift in Sources */ = {isa = PBXBuildFile; fileRef = 4D7DD3031E4678BB00DB6B3F /* DataManager.swift */; };
		4D7DD3071E4678D300DB6B3F /* CoreData.framework in Frameworks */ = {isa = PBXBuildFile; fileRef = 4D7DD3061E4678D300DB6B3F /* CoreData.framework */; };
		4D7DD3091E467DE300DB6B3F /* CoreDataTests.swift in Sources */ = {isa = PBXBuildFile; fileRef = 4D7DD3081E467DE300DB6B3F /* CoreDataTests.swift */; };
/* End PBXBuildFile section */

/* Begin PBXContainerItemProxy section */
		4D7DD2BC1E43DACD00DB6B3F /* PBXContainerItemProxy */ = {
			isa = PBXContainerItemProxy;
			containerPortal = 4D7DD29F1E43DACD00DB6B3F /* Project object */;
			proxyType = 1;
			remoteGlobalIDString = 4D7DD2A61E43DACD00DB6B3F;
			remoteInfo = ALCommon;
		};
		4D7DD2E61E43F0EF00DB6B3F /* PBXContainerItemProxy */ = {
			isa = PBXContainerItemProxy;
			containerPortal = 4D7DD29F1E43DACD00DB6B3F /* Project object */;
			proxyType = 1;
			remoteGlobalIDString = 4D7DD2A61E43DACD00DB6B3F;
			remoteInfo = ALCommon;
		};
/* End PBXContainerItemProxy section */

/* Begin PBXFileReference section */
		4D7DD2A71E43DACD00DB6B3F /* ALCommon.app */ = {isa = PBXFileReference; explicitFileType = wrapper.application; includeInIndex = 0; path = ALCommon.app; sourceTree = BUILT_PRODUCTS_DIR; };
		4D7DD2AA1E43DACD00DB6B3F /* AppDelegate.swift */ = {isa = PBXFileReference; lastKnownFileType = sourcecode.swift; path = AppDelegate.swift; sourceTree = "<group>"; };
		4D7DD2AF1E43DACD00DB6B3F /* Base */ = {isa = PBXFileReference; lastKnownFileType = file.storyboard; name = Base; path = Base.lproj/Main.storyboard; sourceTree = "<group>"; };
		4D7DD2B11E43DACD00DB6B3F /* Assets.xcassets */ = {isa = PBXFileReference; lastKnownFileType = folder.assetcatalog; path = Assets.xcassets; sourceTree = "<group>"; };
		4D7DD2B41E43DACD00DB6B3F /* Base */ = {isa = PBXFileReference; lastKnownFileType = file.storyboard; name = Base; path = Base.lproj/LaunchScreen.storyboard; sourceTree = "<group>"; };
		4D7DD2B61E43DACD00DB6B3F /* Info.plist */ = {isa = PBXFileReference; lastKnownFileType = text.plist.xml; path = Info.plist; sourceTree = "<group>"; };
		4D7DD2BB1E43DACD00DB6B3F /* ALCommonTests.xctest */ = {isa = PBXFileReference; explicitFileType = wrapper.cfbundle; includeInIndex = 0; path = ALCommonTests.xctest; sourceTree = BUILT_PRODUCTS_DIR; };
		4D7DD2BF1E43DACD00DB6B3F /* ALCommonTests.swift */ = {isa = PBXFileReference; lastKnownFileType = sourcecode.swift; path = ALCommonTests.swift; sourceTree = "<group>"; };
		4D7DD2C11E43DACD00DB6B3F /* Info.plist */ = {isa = PBXFileReference; lastKnownFileType = text.plist.xml; path = Info.plist; sourceTree = "<group>"; };
		4D7DD2CA1E43DB0B00DB6B3F /* ALViewController.swift */ = {isa = PBXFileReference; fileEncoding = 4; lastKnownFileType = sourcecode.swift; path = ALViewController.swift; sourceTree = "<group>"; };
		4D7DD2D01E43DBF800DB6B3F /* ALCoreData.swift */ = {isa = PBXFileReference; fileEncoding = 4; lastKnownFileType = sourcecode.swift; path = ALCoreData.swift; sourceTree = "<group>"; };
		4D7DD2D51E43EE4600DB6B3F /* ALDate.swift */ = {isa = PBXFileReference; fileEncoding = 4; lastKnownFileType = sourcecode.swift; path = ALDate.swift; sourceTree = "<group>"; };
		4D7DD2D71E43EEC800DB6B3F /* ALTextField.swift */ = {isa = PBXFileReference; fileEncoding = 4; lastKnownFileType = sourcecode.swift; path = ALTextField.swift; sourceTree = "<group>"; };
		4D7DD2D91E43EF1600DB6B3F /* ALBaseTypes.swift */ = {isa = PBXFileReference; fileEncoding = 4; lastKnownFileType = sourcecode.swift; path = ALBaseTypes.swift; sourceTree = "<group>"; };
		4D7DD2E11E43F0EF00DB6B3F /* ALCommonUITests.xctest */ = {isa = PBXFileReference; explicitFileType = wrapper.cfbundle; includeInIndex = 0; path = ALCommonUITests.xctest; sourceTree = BUILT_PRODUCTS_DIR; };
		4D7DD2E31E43F0EF00DB6B3F /* ALCommonUITests.swift */ = {isa = PBXFileReference; lastKnownFileType = sourcecode.swift; path = ALCommonUITests.swift; sourceTree = "<group>"; };
		4D7DD2E51E43F0EF00DB6B3F /* Info.plist */ = {isa = PBXFileReference; lastKnownFileType = text.plist.xml; path = Info.plist; sourceTree = "<group>"; };
		4D7DD2EB1E43F12C00DB6B3F /* ALView.swift */ = {isa = PBXFileReference; fileEncoding = 4; lastKnownFileType = sourcecode.swift; path = ALView.swift; sourceTree = "<group>"; };
		4D7DD2F01E43F21F00DB6B3F /* ALNavigation.swift */ = {isa = PBXFileReference; fileEncoding = 4; lastKnownFileType = sourcecode.swift; path = ALNavigation.swift; sourceTree = "<group>"; };
		4D7DD2F61E46747000DB6B3F /* Base */ = {isa = PBXFileReference; lastKnownFileType = text.plist.strings; name = Base; path = Base.lproj/Localizable.strings; sourceTree = "<group>"; };
		4D7DD2F81E4674BF00DB6B3F /* en */ = {isa = PBXFileReference; lastKnownFileType = text.plist.strings; name = en; path = en.lproj/Localizable.strings; sourceTree = "<group>"; };
		4D7DD2FA1E46777900DB6B3F /* LightViewController.swift */ = {isa = PBXFileReference; fileEncoding = 4; lastKnownFileType = sourcecode.swift; path = LightViewController.swift; sourceTree = "<group>"; };
		4D7DD2FD1E46782200DB6B3F /* Model.xcdatamodel */ = {isa = PBXFileReference; lastKnownFileType = wrapper.xcdatamodel; path = Model.xcdatamodel; sourceTree = "<group>"; };
		4D7DD3031E4678BB00DB6B3F /* DataManager.swift */ = {isa = PBXFileReference; fileEncoding = 4; lastKnownFileType = sourcecode.swift; name = DataManager.swift; path = ../DataManager.swift; sourceTree = "<group>"; };
		4D7DD3061E4678D300DB6B3F /* CoreData.framework */ = {isa = PBXFileReference; lastKnownFileType = wrapper.framework; name = CoreData.framework; path = System/Library/Frameworks/CoreData.framework; sourceTree = SDKROOT; };
		4D7DD3081E467DE300DB6B3F /* CoreDataTests.swift */ = {isa = PBXFileReference; fileEncoding = 4; lastKnownFileType = sourcecode.swift; path = CoreDataTests.swift; sourceTree = "<group>"; };
/* End PBXFileReference section */

/* Begin PBXFrameworksBuildPhase section */
		4D7DD2A41E43DACD00DB6B3F /* Frameworks */ = {
			isa = PBXFrameworksBuildPhase;
			buildActionMask = 2147483647;
			files = (
				4D7DD3071E4678D300DB6B3F /* CoreData.framework in Frameworks */,
			);
			runOnlyForDeploymentPostprocessing = 0;
		};
		4D7DD2B81E43DACD00DB6B3F /* Frameworks */ = {
			isa = PBXFrameworksBuildPhase;
			buildActionMask = 2147483647;
			files = (
			);
			runOnlyForDeploymentPostprocessing = 0;
		};
		4D7DD2DE1E43F0EF00DB6B3F /* Frameworks */ = {
			isa = PBXFrameworksBuildPhase;
			buildActionMask = 2147483647;
			files = (
			);
			runOnlyForDeploymentPostprocessing = 0;
		};
/* End PBXFrameworksBuildPhase section */

/* Begin PBXGroup section */
		4D7DD29E1E43DACD00DB6B3F = {
			isa = PBXGroup;
			children = (
				4D7DD2A91E43DACD00DB6B3F /* ALCommon */,
				4D7DD2BE1E43DACD00DB6B3F /* ALCommonTests */,
				4D7DD2E21E43F0EF00DB6B3F /* ALCommonUITests */,
				4D7DD2A81E43DACD00DB6B3F /* Products */,
				4D7DD3051E4678D200DB6B3F /* Frameworks */,
			);
			sourceTree = "<group>";
		};
		4D7DD2A81E43DACD00DB6B3F /* Products */ = {
			isa = PBXGroup;
			children = (
				4D7DD2A71E43DACD00DB6B3F /* ALCommon.app */,
				4D7DD2BB1E43DACD00DB6B3F /* ALCommonTests.xctest */,
				4D7DD2E11E43F0EF00DB6B3F /* ALCommonUITests.xctest */,
			);
			name = Products;
			sourceTree = "<group>";
		};
		4D7DD2A91E43DACD00DB6B3F /* ALCommon */ = {
			isa = PBXGroup;
			children = (
				4D7DD30A1E46825D00DB6B3F /* Test Data */,
				4D7DD2CA1E43DB0B00DB6B3F /* ALViewController.swift */,
				4D7DD2D01E43DBF800DB6B3F /* ALCoreData.swift */,
				4D7DD2D51E43EE4600DB6B3F /* ALDate.swift */,
				4D7DD2D71E43EEC800DB6B3F /* ALTextField.swift */,
				4D7DD2D91E43EF1600DB6B3F /* ALBaseTypes.swift */,
				4D7DD2EB1E43F12C00DB6B3F /* ALView.swift */,
				4D7DD2F01E43F21F00DB6B3F /* ALNavigation.swift */,
			);
			path = ALCommon;
			sourceTree = "<group>";
		};
		4D7DD2BE1E43DACD00DB6B3F /* ALCommonTests */ = {
			isa = PBXGroup;
			children = (
				4D7DD2BF1E43DACD00DB6B3F /* ALCommonTests.swift */,
				4D7DD3081E467DE300DB6B3F /* CoreDataTests.swift */,
				4D7DD2C11E43DACD00DB6B3F /* Info.plist */,
			);
			path = ALCommonTests;
			sourceTree = "<group>";
		};
		4D7DD2E21E43F0EF00DB6B3F /* ALCommonUITests */ = {
			isa = PBXGroup;
			children = (
				4D7DD2E31E43F0EF00DB6B3F /* ALCommonUITests.swift */,
				4D7DD2E51E43F0EF00DB6B3F /* Info.plist */,
			);
			path = ALCommonUITests;
			sourceTree = "<group>";
		};
		4D7DD3051E4678D200DB6B3F /* Frameworks */ = {
			isa = PBXGroup;
			children = (
				4D7DD3061E4678D300DB6B3F /* CoreData.framework */,
			);
			name = Frameworks;
			sourceTree = "<group>";
		};
		4D7DD30A1E46825D00DB6B3F /* Test Data */ = {
			isa = PBXGroup;
			children = (
				4D7DD2F71E46747000DB6B3F /* Localizable.strings */,
				4D7DD2AA1E43DACD00DB6B3F /* AppDelegate.swift */,
				4D7DD2AE1E43DACD00DB6B3F /* Main.storyboard */,
				4D7DD2B11E43DACD00DB6B3F /* Assets.xcassets */,
				4D7DD2B31E43DACD00DB6B3F /* LaunchScreen.storyboard */,
				4D7DD2B61E43DACD00DB6B3F /* Info.plist */,
				4D7DD2FC1E46782200DB6B3F /* Model.xcdatamodeld */,
				4D7DD3031E4678BB00DB6B3F /* DataManager.swift */,
				4D7DD2FA1E46777900DB6B3F /* LightViewController.swift */,
			);
			name = "Test Data";
			sourceTree = "<group>";
		};
/* End PBXGroup section */

/* Begin PBXNativeTarget section */
		4D7DD2A61E43DACD00DB6B3F /* ALCommon */ = {
			isa = PBXNativeTarget;
			buildConfigurationList = 4D7DD2C41E43DACD00DB6B3F /* Build configuration list for PBXNativeTarget "ALCommon" */;
			buildPhases = (
				4D7DD2A31E43DACD00DB6B3F /* Sources */,
				4D7DD2A41E43DACD00DB6B3F /* Frameworks */,
				4D7DD2A51E43DACD00DB6B3F /* Resources */,
			);
			buildRules = (
			);
			dependencies = (
			);
			name = ALCommon;
			productName = ALCommon;
			productReference = 4D7DD2A71E43DACD00DB6B3F /* ALCommon.app */;
			productType = "com.apple.product-type.application";
		};
		4D7DD2BA1E43DACD00DB6B3F /* ALCommonTests */ = {
			isa = PBXNativeTarget;
			buildConfigurationList = 4D7DD2C71E43DACD00DB6B3F /* Build configuration list for PBXNativeTarget "ALCommonTests" */;
			buildPhases = (
				4D7DD2B71E43DACD00DB6B3F /* Sources */,
				4D7DD2B81E43DACD00DB6B3F /* Frameworks */,
				4D7DD2B91E43DACD00DB6B3F /* Resources */,
			);
			buildRules = (
			);
			dependencies = (
				4D7DD2BD1E43DACD00DB6B3F /* PBXTargetDependency */,
			);
			name = ALCommonTests;
			productName = ALCommonTests;
			productReference = 4D7DD2BB1E43DACD00DB6B3F /* ALCommonTests.xctest */;
			productType = "com.apple.product-type.bundle.unit-test";
		};
		4D7DD2E01E43F0EF00DB6B3F /* ALCommonUITests */ = {
			isa = PBXNativeTarget;
			buildConfigurationList = 4D7DD2E81E43F0EF00DB6B3F /* Build configuration list for PBXNativeTarget "ALCommonUITests" */;
			buildPhases = (
				4D7DD2DD1E43F0EF00DB6B3F /* Sources */,
				4D7DD2DE1E43F0EF00DB6B3F /* Frameworks */,
				4D7DD2DF1E43F0EF00DB6B3F /* Resources */,
			);
			buildRules = (
			);
			dependencies = (
				4D7DD2E71E43F0EF00DB6B3F /* PBXTargetDependency */,
			);
			name = ALCommonUITests;
			productName = ALCommonUITests;
			productReference = 4D7DD2E11E43F0EF00DB6B3F /* ALCommonUITests.xctest */;
			productType = "com.apple.product-type.bundle.ui-testing";
		};
/* End PBXNativeTarget section */

/* Begin PBXProject section */
		4D7DD29F1E43DACD00DB6B3F /* Project object */ = {
			isa = PBXProject;
			attributes = {
				LastSwiftUpdateCheck = 0820;
				LastUpgradeCheck = 0820;
				ORGANIZATIONNAME = "andrew lattis";
				TargetAttributes = {
					4D7DD2A61E43DACD00DB6B3F = {
						CreatedOnToolsVersion = 8.2.1;
						ProvisioningStyle = Automatic;
					};
					4D7DD2BA1E43DACD00DB6B3F = {
						CreatedOnToolsVersion = 8.2.1;
						ProvisioningStyle = Automatic;
						TestTargetID = 4D7DD2A61E43DACD00DB6B3F;
					};
					4D7DD2E01E43F0EF00DB6B3F = {
						CreatedOnToolsVersion = 8.2.1;
						ProvisioningStyle = Automatic;
						TestTargetID = 4D7DD2A61E43DACD00DB6B3F;
					};
				};
			};
			buildConfigurationList = 4D7DD2A21E43DACD00DB6B3F /* Build configuration list for PBXProject "ALCommon" */;
			compatibilityVersion = "Xcode 3.2";
			developmentRegion = English;
			hasScannedForEncodings = 0;
			knownRegions = (
				en,
				Base,
			);
			mainGroup = 4D7DD29E1E43DACD00DB6B3F;
			productRefGroup = 4D7DD2A81E43DACD00DB6B3F /* Products */;
			projectDirPath = "";
			projectRoot = "";
			targets = (
				4D7DD2A61E43DACD00DB6B3F /* ALCommon */,
				4D7DD2BA1E43DACD00DB6B3F /* ALCommonTests */,
				4D7DD2E01E43F0EF00DB6B3F /* ALCommonUITests */,
			);
		};
/* End PBXProject section */

/* Begin PBXResourcesBuildPhase section */
		4D7DD2A51E43DACD00DB6B3F /* Resources */ = {
			isa = PBXResourcesBuildPhase;
			buildActionMask = 2147483647;
			files = (
				4D7DD2B51E43DACD00DB6B3F /* LaunchScreen.storyboard in Resources */,
				4D7DD2F51E46747000DB6B3F /* Localizable.strings in Resources */,
				4D7DD2B21E43DACD00DB6B3F /* Assets.xcassets in Resources */,
				4D7DD2B01E43DACD00DB6B3F /* Main.storyboard in Resources */,
			);
			runOnlyForDeploymentPostprocessing = 0;
		};
		4D7DD2B91E43DACD00DB6B3F /* Resources */ = {
			isa = PBXResourcesBuildPhase;
			buildActionMask = 2147483647;
			files = (
			);
			runOnlyForDeploymentPostprocessing = 0;
		};
		4D7DD2DF1E43F0EF00DB6B3F /* Resources */ = {
			isa = PBXResourcesBuildPhase;
			buildActionMask = 2147483647;
			files = (
			);
			runOnlyForDeploymentPostprocessing = 0;
		};
/* End PBXResourcesBuildPhase section */

/* Begin PBXSourcesBuildPhase section */
		4D7DD2A31E43DACD00DB6B3F /* Sources */ = {
			isa = PBXSourcesBuildPhase;
			buildActionMask = 2147483647;
			files = (
				4D7DD2EC1E43F12C00DB6B3F /* ALView.swift in Sources */,
				4D7DD2AB1E43DACD00DB6B3F /* AppDelegate.swift in Sources */,
				4D7DD2F11E43F21F00DB6B3F /* ALNavigation.swift in Sources */,
				4D7DD2D81E43EEC800DB6B3F /* ALTextField.swift in Sources */,
				4D7DD2CB1E43DB0B00DB6B3F /* ALViewController.swift in Sources */,
				4D7DD2D61E43EE4600DB6B3F /* ALDate.swift in Sources */,
				4D7DD2D11E43DBF800DB6B3F /* ALCoreData.swift in Sources */,
				4D7DD2FE1E46782200DB6B3F /* Model.xcdatamodeld in Sources */,
				4D7DD3041E4678BB00DB6B3F /* DataManager.swift in Sources */,
				4D7DD2FB1E46777900DB6B3F /* LightViewController.swift in Sources */,
				4D7DD2DA1E43EF1600DB6B3F /* ALBaseTypes.swift in Sources */,
			);
			runOnlyForDeploymentPostprocessing = 0;
		};
		4D7DD2B71E43DACD00DB6B3F /* Sources */ = {
			isa = PBXSourcesBuildPhase;
			buildActionMask = 2147483647;
			files = (
				4D7DD3091E467DE300DB6B3F /* CoreDataTests.swift in Sources */,
				4D7DD2C01E43DACD00DB6B3F /* ALCommonTests.swift in Sources */,
			);
			runOnlyForDeploymentPostprocessing = 0;
		};
		4D7DD2DD1E43F0EF00DB6B3F /* Sources */ = {
			isa = PBXSourcesBuildPhase;
			buildActionMask = 2147483647;
			files = (
				4D7DD2E41E43F0EF00DB6B3F /* ALCommonUITests.swift in Sources */,
			);
			runOnlyForDeploymentPostprocessing = 0;
		};
/* End PBXSourcesBuildPhase section */

/* Begin PBXTargetDependency section */
		4D7DD2BD1E43DACD00DB6B3F /* PBXTargetDependency */ = {
			isa = PBXTargetDependency;
			target = 4D7DD2A61E43DACD00DB6B3F /* ALCommon */;
			targetProxy = 4D7DD2BC1E43DACD00DB6B3F /* PBXContainerItemProxy */;
		};
		4D7DD2E71E43F0EF00DB6B3F /* PBXTargetDependency */ = {
			isa = PBXTargetDependency;
			target = 4D7DD2A61E43DACD00DB6B3F /* ALCommon */;
			targetProxy = 4D7DD2E61E43F0EF00DB6B3F /* PBXContainerItemProxy */;
		};
/* End PBXTargetDependency section */

/* Begin PBXVariantGroup section */
		4D7DD2AE1E43DACD00DB6B3F /* Main.storyboard */ = {
			isa = PBXVariantGroup;
			children = (
				4D7DD2AF1E43DACD00DB6B3F /* Base */,
			);
			name = Main.storyboard;
			sourceTree = "<group>";
		};
		4D7DD2B31E43DACD00DB6B3F /* LaunchScreen.storyboard */ = {
			isa = PBXVariantGroup;
			children = (
				4D7DD2B41E43DACD00DB6B3F /* Base */,
			);
			name = LaunchScreen.storyboard;
			sourceTree = "<group>";
		};
		4D7DD2F71E46747000DB6B3F /* Localizable.strings */ = {
			isa = PBXVariantGroup;
			children = (
				4D7DD2F61E46747000DB6B3F /* Base */,
				4D7DD2F81E4674BF00DB6B3F /* en */,
			);
			name = Localizable.strings;
			sourceTree = "<group>";
		};
/* End PBXVariantGroup section */

/* Begin XCBuildConfiguration section */
		4D7DD2C21E43DACD00DB6B3F /* Debug */ = {
			isa = XCBuildConfiguration;
			buildSettings = {
				ALWAYS_SEARCH_USER_PATHS = NO;
				CLANG_ANALYZER_NONNULL = YES;
				CLANG_CXX_LANGUAGE_STANDARD = "gnu++0x";
				CLANG_CXX_LIBRARY = "libc++";
				CLANG_ENABLE_MODULES = YES;
				CLANG_ENABLE_OBJC_ARC = YES;
				CLANG_WARN_BOOL_CONVERSION = YES;
				CLANG_WARN_CONSTANT_CONVERSION = YES;
				CLANG_WARN_DIRECT_OBJC_ISA_USAGE = YES_ERROR;
				CLANG_WARN_DOCUMENTATION_COMMENTS = YES;
				CLANG_WARN_EMPTY_BODY = YES;
				CLANG_WARN_ENUM_CONVERSION = YES;
				CLANG_WARN_INFINITE_RECURSION = YES;
				CLANG_WARN_INT_CONVERSION = YES;
				CLANG_WARN_OBJC_ROOT_CLASS = YES_ERROR;
				CLANG_WARN_SUSPICIOUS_MOVE = YES;
				CLANG_WARN_UNREACHABLE_CODE = YES;
				CLANG_WARN__DUPLICATE_METHOD_MATCH = YES;
				"CODE_SIGN_IDENTITY[sdk=iphoneos*]" = "iPhone Developer";
				COPY_PHASE_STRIP = NO;
				DEBUG_INFORMATION_FORMAT = dwarf;
				ENABLE_STRICT_OBJC_MSGSEND = YES;
				ENABLE_TESTABILITY = YES;
				GCC_C_LANGUAGE_STANDARD = gnu99;
				GCC_DYNAMIC_NO_PIC = NO;
				GCC_NO_COMMON_BLOCKS = YES;
				GCC_OPTIMIZATION_LEVEL = 0;
				GCC_PREPROCESSOR_DEFINITIONS = (
					"DEBUG=1",
					"$(inherited)",
				);
				GCC_WARN_64_TO_32_BIT_CONVERSION = YES;
				GCC_WARN_ABOUT_RETURN_TYPE = YES_ERROR;
				GCC_WARN_UNDECLARED_SELECTOR = YES;
				GCC_WARN_UNINITIALIZED_AUTOS = YES_AGGRESSIVE;
				GCC_WARN_UNUSED_FUNCTION = YES;
				GCC_WARN_UNUSED_VARIABLE = YES;
				IPHONEOS_DEPLOYMENT_TARGET = 10.2;
				MTL_ENABLE_DEBUG_INFO = YES;
				ONLY_ACTIVE_ARCH = YES;
				SDKROOT = iphoneos;
				SWIFT_ACTIVE_COMPILATION_CONDITIONS = DEBUG;
				SWIFT_OPTIMIZATION_LEVEL = "-Onone";
				TARGETED_DEVICE_FAMILY = "1,2";
			};
			name = Debug;
		};
		4D7DD2C31E43DACD00DB6B3F /* Release */ = {
			isa = XCBuildConfiguration;
			buildSettings = {
				ALWAYS_SEARCH_USER_PATHS = NO;
				CLANG_ANALYZER_NONNULL = YES;
				CLANG_CXX_LANGUAGE_STANDARD = "gnu++0x";
				CLANG_CXX_LIBRARY = "libc++";
				CLANG_ENABLE_MODULES = YES;
				CLANG_ENABLE_OBJC_ARC = YES;
				CLANG_WARN_BOOL_CONVERSION = YES;
				CLANG_WARN_CONSTANT_CONVERSION = YES;
				CLANG_WARN_DIRECT_OBJC_ISA_USAGE = YES_ERROR;
				CLANG_WARN_DOCUMENTATION_COMMENTS = YES;
				CLANG_WARN_EMPTY_BODY = YES;
				CLANG_WARN_ENUM_CONVERSION = YES;
				CLANG_WARN_INFINITE_RECURSION = YES;
				CLANG_WARN_INT_CONVERSION = YES;
				CLANG_WARN_OBJC_ROOT_CLASS = YES_ERROR;
				CLANG_WARN_SUSPICIOUS_MOVE = YES;
				CLANG_WARN_UNREACHABLE_CODE = YES;
				CLANG_WARN__DUPLICATE_METHOD_MATCH = YES;
				"CODE_SIGN_IDENTITY[sdk=iphoneos*]" = "iPhone Developer";
				COPY_PHASE_STRIP = NO;
				DEBUG_INFORMATION_FORMAT = "dwarf-with-dsym";
				ENABLE_NS_ASSERTIONS = NO;
				ENABLE_STRICT_OBJC_MSGSEND = YES;
				GCC_C_LANGUAGE_STANDARD = gnu99;
				GCC_NO_COMMON_BLOCKS = YES;
				GCC_WARN_64_TO_32_BIT_CONVERSION = YES;
				GCC_WARN_ABOUT_RETURN_TYPE = YES_ERROR;
				GCC_WARN_UNDECLARED_SELECTOR = YES;
				GCC_WARN_UNINITIALIZED_AUTOS = YES_AGGRESSIVE;
				GCC_WARN_UNUSED_FUNCTION = YES;
				GCC_WARN_UNUSED_VARIABLE = YES;
				IPHONEOS_DEPLOYMENT_TARGET = 10.2;
				MTL_ENABLE_DEBUG_INFO = NO;
				SDKROOT = iphoneos;
				SWIFT_OPTIMIZATION_LEVEL = "-Owholemodule";
				TARGETED_DEVICE_FAMILY = "1,2";
				VALIDATE_PRODUCT = YES;
			};
			name = Release;
		};
		4D7DD2C51E43DACD00DB6B3F /* Debug */ = {
			isa = XCBuildConfiguration;
			buildSettings = {
				ASSETCATALOG_COMPILER_APPICON_NAME = AppIcon;
				INFOPLIST_FILE = ALCommon/Info.plist;
				LD_RUNPATH_SEARCH_PATHS = "$(inherited) @executable_path/Frameworks";
				PRODUCT_BUNDLE_IDENTIFIER = com.andrewlattis.ALCommon;
				PRODUCT_NAME = "$(TARGET_NAME)";
				SWIFT_VERSION = 3.0;
			};
			name = Debug;
		};
		4D7DD2C61E43DACD00DB6B3F /* Release */ = {
			isa = XCBuildConfiguration;
			buildSettings = {
				ASSETCATALOG_COMPILER_APPICON_NAME = AppIcon;
				INFOPLIST_FILE = ALCommon/Info.plist;
				LD_RUNPATH_SEARCH_PATHS = "$(inherited) @executable_path/Frameworks";
				PRODUCT_BUNDLE_IDENTIFIER = com.andrewlattis.ALCommon;
				PRODUCT_NAME = "$(TARGET_NAME)";
				SWIFT_VERSION = 3.0;
			};
			name = Release;
		};
		4D7DD2C81E43DACD00DB6B3F /* Debug */ = {
			isa = XCBuildConfiguration;
			buildSettings = {
				ALWAYS_EMBED_SWIFT_STANDARD_LIBRARIES = YES;
				BUNDLE_LOADER = "$(TEST_HOST)";
				INFOPLIST_FILE = ALCommonTests/Info.plist;
				LD_RUNPATH_SEARCH_PATHS = "$(inherited) @executable_path/Frameworks @loader_path/Frameworks";
				PRODUCT_BUNDLE_IDENTIFIER = com.andrewlattis.ALCommonTests;
				PRODUCT_NAME = "$(TARGET_NAME)";
				SWIFT_VERSION = 3.0;
				TEST_HOST = "$(BUILT_PRODUCTS_DIR)/ALCommon.app/ALCommon";
			};
			name = Debug;
		};
		4D7DD2C91E43DACD00DB6B3F /* Release */ = {
			isa = XCBuildConfiguration;
			buildSettings = {
				ALWAYS_EMBED_SWIFT_STANDARD_LIBRARIES = YES;
				BUNDLE_LOADER = "$(TEST_HOST)";
				INFOPLIST_FILE = ALCommonTests/Info.plist;
				LD_RUNPATH_SEARCH_PATHS = "$(inherited) @executable_path/Frameworks @loader_path/Frameworks";
				PRODUCT_BUNDLE_IDENTIFIER = com.andrewlattis.ALCommonTests;
				PRODUCT_NAME = "$(TARGET_NAME)";
				SWIFT_VERSION = 3.0;
				TEST_HOST = "$(BUILT_PRODUCTS_DIR)/ALCommon.app/ALCommon";
			};
			name = Release;
		};
		4D7DD2E91E43F0EF00DB6B3F /* Debug */ = {
			isa = XCBuildConfiguration;
			buildSettings = {
				INFOPLIST_FILE = ALCommonUITests/Info.plist;
				LD_RUNPATH_SEARCH_PATHS = "$(inherited) @executable_path/Frameworks @loader_path/Frameworks";
				PRODUCT_BUNDLE_IDENTIFIER = com.andrewlattis.ALCommonUITests;
				PRODUCT_NAME = "$(TARGET_NAME)";
				SWIFT_VERSION = 3.0;
				TEST_TARGET_NAME = ALCommon;
			};
			name = Debug;
		};
		4D7DD2EA1E43F0EF00DB6B3F /* Release */ = {
			isa = XCBuildConfiguration;
			buildSettings = {
				INFOPLIST_FILE = ALCommonUITests/Info.plist;
				LD_RUNPATH_SEARCH_PATHS = "$(inherited) @executable_path/Frameworks @loader_path/Frameworks";
				PRODUCT_BUNDLE_IDENTIFIER = com.andrewlattis.ALCommonUITests;
				PRODUCT_NAME = "$(TARGET_NAME)";
				SWIFT_VERSION = 3.0;
				TEST_TARGET_NAME = ALCommon;
			};
			name = Release;
		};
/* End XCBuildConfiguration section */

/* Begin XCConfigurationList section */
		4D7DD2A21E43DACD00DB6B3F /* Build configuration list for PBXProject "ALCommon" */ = {
			isa = XCConfigurationList;
			buildConfigurations = (
				4D7DD2C21E43DACD00DB6B3F /* Debug */,
				4D7DD2C31E43DACD00DB6B3F /* Release */,
			);
			defaultConfigurationIsVisible = 0;
			defaultConfigurationName = Release;
		};
		4D7DD2C41E43DACD00DB6B3F /* Build configuration list for PBXNativeTarget "ALCommon" */ = {
			isa = XCConfigurationList;
			buildConfigurations = (
				4D7DD2C51E43DACD00DB6B3F /* Debug */,
				4D7DD2C61E43DACD00DB6B3F /* Release */,
			);
			defaultConfigurationIsVisible = 0;
		};
		4D7DD2C71E43DACD00DB6B3F /* Build configuration list for PBXNativeTarget "ALCommonTests" */ = {
			isa = XCConfigurationList;
			buildConfigurations = (
				4D7DD2C81E43DACD00DB6B3F /* Debug */,
				4D7DD2C91E43DACD00DB6B3F /* Release */,
			);
			defaultConfigurationIsVisible = 0;
		};
		4D7DD2E81E43F0EF00DB6B3F /* Build configuration list for PBXNativeTarget "ALCommonUITests" */ = {
			isa = XCConfigurationList;
			buildConfigurations = (
				4D7DD2E91E43F0EF00DB6B3F /* Debug */,
				4D7DD2EA1E43F0EF00DB6B3F /* Release */,
			);
			defaultConfigurationIsVisible = 0;
		};
/* End XCConfigurationList section */

/* Begin XCVersionGroup section */
		4D7DD2FC1E46782200DB6B3F /* Model.xcdatamodeld */ = {
			isa = XCVersionGroup;
			children = (
				4D7DD2FD1E46782200DB6B3F /* Model.xcdatamodel */,
			);
			currentVersion = 4D7DD2FD1E46782200DB6B3F /* Model.xcdatamodel */;
			name = Model.xcdatamodeld;
			path = ../Model.xcdatamodeld;
			sourceTree = "<group>";
			versionGroupType = wrapper.xcdatamodel;
		};
/* End XCVersionGroup section */
	};
	rootObject = 4D7DD29F1E43DACD00DB6B3F /* Project object */;
}
